// !$*UTF8*$!
{
	archiveVersion = 1;
	classes = {
	};
	objectVersion = 46;
	objects = {

/* Begin PBXBuildFile section */
		41421A611F3E783C00FD07EB /* writeReview.swift in Sources */ = {isa = PBXBuildFile; fileRef = 41421A601F3E783C00FD07EB /* writeReview.swift */; };
		416471491F39DDD2006FB700 /* DataService.swift in Sources */ = {isa = PBXBuildFile; fileRef = 416471481F39DDD2006FB700 /* DataService.swift */; };
		41A291551F399F8F00BF08E3 /* AppDelegate.swift in Sources */ = {isa = PBXBuildFile; fileRef = 41A291541F399F8F00BF08E3 /* AppDelegate.swift */; };
		41A291571F399F8F00BF08E3 /* landingVC.swift in Sources */ = {isa = PBXBuildFile; fileRef = 41A291561F399F8F00BF08E3 /* landingVC.swift */; };
		41A2915A1F399F8F00BF08E3 /* Main.storyboard in Resources */ = {isa = PBXBuildFile; fileRef = 41A291581F399F8F00BF08E3 /* Main.storyboard */; };
		41A2915D1F399F8F00BF08E3 /* nyuadCourseReview.xcdatamodeld in Sources */ = {isa = PBXBuildFile; fileRef = 41A2915B1F399F8F00BF08E3 /* nyuadCourseReview.xcdatamodeld */; };
		41A2915F1F399F8F00BF08E3 /* Assets.xcassets in Resources */ = {isa = PBXBuildFile; fileRef = 41A2915E1F399F8F00BF08E3 /* Assets.xcassets */; };
		41A291621F399F8F00BF08E3 /* LaunchScreen.storyboard in Resources */ = {isa = PBXBuildFile; fileRef = 41A291601F399F8F00BF08E3 /* LaunchScreen.storyboard */; };
		41A2916D1F39A47600BF08E3 /* roundBtn.swift in Sources */ = {isa = PBXBuildFile; fileRef = 41A2916C1F39A47600BF08E3 /* roundBtn.swift */; };
		41A2916F1F39AE1300BF08E3 /* selectMajorVC.swift in Sources */ = {isa = PBXBuildFile; fileRef = 41A2916E1F39AE1300BF08E3 /* selectMajorVC.swift */; };
		41A291721F39AECE00BF08E3 /* Constants.swift in Sources */ = {isa = PBXBuildFile; fileRef = 41A291711F39AECE00BF08E3 /* Constants.swift */; };
		41A291741F39DB0200BF08E3 /* GoogleService-Info.plist in Resources */ = {isa = PBXBuildFile; fileRef = 41A291731F39DB0200BF08E3 /* GoogleService-Info.plist */; };
		41EEC2271F3CB75C0008E993 /* coursesListVC.swift in Sources */ = {isa = PBXBuildFile; fileRef = 41EEC2261F3CB75C0008E993 /* coursesListVC.swift */; };
		41EEC2291F3CBAE00008E993 /* courseCell.swift in Sources */ = {isa = PBXBuildFile; fileRef = 41EEC2281F3CBAE00008E993 /* courseCell.swift */; };
		41EEC22B1F3CBDCC0008E993 /* Review.swift in Sources */ = {isa = PBXBuildFile; fileRef = 41EEC22A1F3CBDCC0008E993 /* Review.swift */; };
		CE1B13B96833C07AAF97B449 /* Pods_nyuadCourseReview.framework in Frameworks */ = {isa = PBXBuildFile; fileRef = CA46F4BA91EA21F07B18C2EB /* Pods_nyuadCourseReview.framework */; };
/* End PBXBuildFile section */

/* Begin PBXFileReference section */
		41421A601F3E783C00FD07EB /* writeReview.swift */ = {isa = PBXFileReference; fileEncoding = 4; lastKnownFileType = sourcecode.swift; path = writeReview.swift; sourceTree = "<group>"; };
		416471481F39DDD2006FB700 /* DataService.swift */ = {isa = PBXFileReference; fileEncoding = 4; lastKnownFileType = sourcecode.swift; path = DataService.swift; sourceTree = "<group>"; };
		41A291511F399F8F00BF08E3 /* nyuadCourseReview.app */ = {isa = PBXFileReference; explicitFileType = wrapper.application; includeInIndex = 0; path = nyuadCourseReview.app; sourceTree = BUILT_PRODUCTS_DIR; };
		41A291541F399F8F00BF08E3 /* AppDelegate.swift */ = {isa = PBXFileReference; lastKnownFileType = sourcecode.swift; path = AppDelegate.swift; sourceTree = "<group>"; };
		41A291561F399F8F00BF08E3 /* landingVC.swift */ = {isa = PBXFileReference; lastKnownFileType = sourcecode.swift; path = landingVC.swift; sourceTree = "<group>"; };
		41A291591F399F8F00BF08E3 /* Base */ = {isa = PBXFileReference; lastKnownFileType = file.storyboard; name = Base; path = Base.lproj/Main.storyboard; sourceTree = "<group>"; };
		41A2915C1F399F8F00BF08E3 /* nyuadCourseReview.xcdatamodel */ = {isa = PBXFileReference; lastKnownFileType = wrapper.xcdatamodel; path = nyuadCourseReview.xcdatamodel; sourceTree = "<group>"; };
		41A2915E1F399F8F00BF08E3 /* Assets.xcassets */ = {isa = PBXFileReference; lastKnownFileType = folder.assetcatalog; path = Assets.xcassets; sourceTree = "<group>"; };
		41A291611F399F8F00BF08E3 /* Base */ = {isa = PBXFileReference; lastKnownFileType = file.storyboard; name = Base; path = Base.lproj/LaunchScreen.storyboard; sourceTree = "<group>"; };
		41A291631F399F8F00BF08E3 /* Info.plist */ = {isa = PBXFileReference; lastKnownFileType = text.plist.xml; path = Info.plist; sourceTree = "<group>"; };
		41A2916C1F39A47600BF08E3 /* roundBtn.swift */ = {isa = PBXFileReference; fileEncoding = 4; lastKnownFileType = sourcecode.swift; path = roundBtn.swift; sourceTree = "<group>"; };
		41A2916E1F39AE1300BF08E3 /* selectMajorVC.swift */ = {isa = PBXFileReference; fileEncoding = 4; lastKnownFileType = sourcecode.swift; path = selectMajorVC.swift; sourceTree = "<group>"; };
		41A291711F39AECE00BF08E3 /* Constants.swift */ = {isa = PBXFileReference; fileEncoding = 4; lastKnownFileType = sourcecode.swift; path = Constants.swift; sourceTree = "<group>"; };
		41A291731F39DB0200BF08E3 /* GoogleService-Info.plist */ = {isa = PBXFileReference; fileEncoding = 4; lastKnownFileType = text.plist.xml; path = "GoogleService-Info.plist"; sourceTree = "<group>"; };
		41EEC2261F3CB75C0008E993 /* coursesListVC.swift */ = {isa = PBXFileReference; fileEncoding = 4; lastKnownFileType = sourcecode.swift; path = coursesListVC.swift; sourceTree = "<group>"; };
		41EEC2281F3CBAE00008E993 /* courseCell.swift */ = {isa = PBXFileReference; fileEncoding = 4; lastKnownFileType = sourcecode.swift; path = courseCell.swift; sourceTree = "<group>"; };
		41EEC22A1F3CBDCC0008E993 /* Review.swift */ = {isa = PBXFileReference; fileEncoding = 4; lastKnownFileType = sourcecode.swift; path = Review.swift; sourceTree = "<group>"; };
		CA46F4BA91EA21F07B18C2EB /* Pods_nyuadCourseReview.framework */ = {isa = PBXFileReference; explicitFileType = wrapper.framework; includeInIndex = 0; path = Pods_nyuadCourseReview.framework; sourceTree = BUILT_PRODUCTS_DIR; };
		CB5D6EBC0C371AF45B3AD7D7 /* Pods-nyuadCourseReview.debug.xcconfig */ = {isa = PBXFileReference; includeInIndex = 1; lastKnownFileType = text.xcconfig; name = "Pods-nyuadCourseReview.debug.xcconfig"; path = "Pods/Target Support Files/Pods-nyuadCourseReview/Pods-nyuadCourseReview.debug.xcconfig"; sourceTree = "<group>"; };
		D1795BD94F6BD398CCCBB3DB /* Pods-nyuadCourseReview.release.xcconfig */ = {isa = PBXFileReference; includeInIndex = 1; lastKnownFileType = text.xcconfig; name = "Pods-nyuadCourseReview.release.xcconfig"; path = "Pods/Target Support Files/Pods-nyuadCourseReview/Pods-nyuadCourseReview.release.xcconfig"; sourceTree = "<group>"; };
/* End PBXFileReference section */

/* Begin PBXFrameworksBuildPhase section */
		41A2914E1F399F8F00BF08E3 /* Frameworks */ = {
			isa = PBXFrameworksBuildPhase;
			buildActionMask = 2147483647;
			files = (
				CE1B13B96833C07AAF97B449 /* Pods_nyuadCourseReview.framework in Frameworks */,
			);
			runOnlyForDeploymentPostprocessing = 0;
		};
/* End PBXFrameworksBuildPhase section */

/* Begin PBXGroup section */
		0A6CAC42A653C552C94AF7E6 /* Frameworks */ = {
			isa = PBXGroup;
			children = (
				CA46F4BA91EA21F07B18C2EB /* Pods_nyuadCourseReview.framework */,
			);
			name = Frameworks;
			sourceTree = "<group>";
		};
		416471471F39DD6C006FB700 /* Services */ = {
			isa = PBXGroup;
			children = (
				416471481F39DDD2006FB700 /* DataService.swift */,
			);
			name = Services;
			sourceTree = "<group>";
		};
		41A291481F399F8F00BF08E3 = {
			isa = PBXGroup;
			children = (
				41A291531F399F8F00BF08E3 /* nyuadCourseReview */,
				41A291521F399F8F00BF08E3 /* Products */,
				B92706BC2BF1721872964AE1 /* Pods */,
				0A6CAC42A653C552C94AF7E6 /* Frameworks */,
			);
			sourceTree = "<group>";
		};
		41A291521F399F8F00BF08E3 /* Products */ = {
			isa = PBXGroup;
			children = (
				41A291511F399F8F00BF08E3 /* nyuadCourseReview.app */,
			);
			name = Products;
			sourceTree = "<group>";
		};
		41A291531F399F8F00BF08E3 /* nyuadCourseReview */ = {
			isa = PBXGroup;
			children = (
				416471471F39DD6C006FB700 /* Services */,
				41A2916B1F39A45300BF08E3 /* Controller */,
				41A2916A1F39A44F00BF08E3 /* View */,
				41A291691F39A44900BF08E3 /* Model */,
				41A291541F399F8F00BF08E3 /* AppDelegate.swift */,
				41A291711F39AECE00BF08E3 /* Constants.swift */,
				41A291731F39DB0200BF08E3 /* GoogleService-Info.plist */,
				41A291581F399F8F00BF08E3 /* Main.storyboard */,
				41A2915E1F399F8F00BF08E3 /* Assets.xcassets */,
				41A291601F399F8F00BF08E3 /* LaunchScreen.storyboard */,
				41A291631F399F8F00BF08E3 /* Info.plist */,
				41A2915B1F399F8F00BF08E3 /* nyuadCourseReview.xcdatamodeld */,
			);
			path = nyuadCourseReview;
			sourceTree = "<group>";
		};
		41A291691F39A44900BF08E3 /* Model */ = {
			isa = PBXGroup;
			children = (
				41EEC22A1F3CBDCC0008E993 /* Review.swift */,
			);
			name = Model;
			sourceTree = "<group>";
		};
		41A2916A1F39A44F00BF08E3 /* View */ = {
			isa = PBXGroup;
			children = (
				41A2916C1F39A47600BF08E3 /* roundBtn.swift */,
				41EEC2281F3CBAE00008E993 /* courseCell.swift */,
			);
			name = View;
			sourceTree = "<group>";
		};
		41A2916B1F39A45300BF08E3 /* Controller */ = {
			isa = PBXGroup;
			children = (
				41A291561F399F8F00BF08E3 /* landingVC.swift */,
				41A2916E1F39AE1300BF08E3 /* selectMajorVC.swift */,
				41EEC2261F3CB75C0008E993 /* coursesListVC.swift */,
				41421A601F3E783C00FD07EB /* writeReview.swift */,
			);
			name = Controller;
			sourceTree = "<group>";
		};
		B92706BC2BF1721872964AE1 /* Pods */ = {
			isa = PBXGroup;
			children = (
				CB5D6EBC0C371AF45B3AD7D7 /* Pods-nyuadCourseReview.debug.xcconfig */,
				D1795BD94F6BD398CCCBB3DB /* Pods-nyuadCourseReview.release.xcconfig */,
			);
			name = Pods;
			sourceTree = "<group>";
		};
/* End PBXGroup section */

/* Begin PBXNativeTarget section */
		41A291501F399F8F00BF08E3 /* nyuadCourseReview */ = {
			isa = PBXNativeTarget;
			buildConfigurationList = 41A291661F399F8F00BF08E3 /* Build configuration list for PBXNativeTarget "nyuadCourseReview" */;
			buildPhases = (
				D0E359768FFCEC301C879377 /* [CP] Check Pods Manifest.lock */,
				41A2914D1F399F8F00BF08E3 /* Sources */,
				41A2914E1F399F8F00BF08E3 /* Frameworks */,
				41A2914F1F399F8F00BF08E3 /* Resources */,
				70AD0317E5B8FE2F45FAD490 /* [CP] Embed Pods Frameworks */,
				47F9A616A4E1A5937BA8573C /* [CP] Copy Pods Resources */,
			);
			buildRules = (
			);
			dependencies = (
			);
			name = nyuadCourseReview;
			productName = nyuadCourseReview;
			productReference = 41A291511F399F8F00BF08E3 /* nyuadCourseReview.app */;
			productType = "com.apple.product-type.application";
		};
/* End PBXNativeTarget section */

/* Begin PBXProject section */
		41A291491F399F8F00BF08E3 /* Project object */ = {
			isa = PBXProject;
			attributes = {
				LastSwiftUpdateCheck = 0820;
				LastUpgradeCheck = 0820;
				ORGANIZATIONNAME = "Ali Abouelatta";
				TargetAttributes = {
					41A291501F399F8F00BF08E3 = {
						CreatedOnToolsVersion = 8.2.1;
						DevelopmentTeam = ZY2Y4GLDVL;
						ProvisioningStyle = Automatic;
					};
				};
			};
			buildConfigurationList = 41A2914C1F399F8F00BF08E3 /* Build configuration list for PBXProject "nyuadCourseReview" */;
			compatibilityVersion = "Xcode 3.2";
			developmentRegion = English;
			hasScannedForEncodings = 0;
			knownRegions = (
				en,
				Base,
			);
			mainGroup = 41A291481F399F8F00BF08E3;
			productRefGroup = 41A291521F399F8F00BF08E3 /* Products */;
			projectDirPath = "";
			projectRoot = "";
			targets = (
				41A291501F399F8F00BF08E3 /* nyuadCourseReview */,
			);
		};
/* End PBXProject section */

/* Begin PBXResourcesBuildPhase section */
		41A2914F1F399F8F00BF08E3 /* Resources */ = {
			isa = PBXResourcesBuildPhase;
			buildActionMask = 2147483647;
			files = (
				41A291621F399F8F00BF08E3 /* LaunchScreen.storyboard in Resources */,
				41A291741F39DB0200BF08E3 /* GoogleService-Info.plist in Resources */,
				41A2915F1F399F8F00BF08E3 /* Assets.xcassets in Resources */,
				41A2915A1F399F8F00BF08E3 /* Main.storyboard in Resources */,
			);
			runOnlyForDeploymentPostprocessing = 0;
		};
/* End PBXResourcesBuildPhase section */

/* Begin PBXShellScriptBuildPhase section */
		47F9A616A4E1A5937BA8573C /* [CP] Copy Pods Resources */ = {
			isa = PBXShellScriptBuildPhase;
			buildActionMask = 2147483647;
			files = (
			);
			inputPaths = (
			);
			name = "[CP] Copy Pods Resources";
			outputPaths = (
			);
			runOnlyForDeploymentPostprocessing = 0;
			shellPath = /bin/sh;
			shellScript = "\"${SRCROOT}/Pods/Target Support Files/Pods-nyuadCourseReview/Pods-nyuadCourseReview-resources.sh\"\n";
			showEnvVarsInLog = 0;
		};
		70AD0317E5B8FE2F45FAD490 /* [CP] Embed Pods Frameworks */ = {
			isa = PBXShellScriptBuildPhase;
			buildActionMask = 2147483647;
			files = (
			);
			inputPaths = (
			);
			name = "[CP] Embed Pods Frameworks";
			outputPaths = (
			);
			runOnlyForDeploymentPostprocessing = 0;
			shellPath = /bin/sh;
			shellScript = "\"${SRCROOT}/Pods/Target Support Files/Pods-nyuadCourseReview/Pods-nyuadCourseReview-frameworks.sh\"\n";
			showEnvVarsInLog = 0;
		};
		D0E359768FFCEC301C879377 /* [CP] Check Pods Manifest.lock */ = {
			isa = PBXShellScriptBuildPhase;
			buildActionMask = 2147483647;
			files = (
			);
			inputPaths = (
			);
			name = "[CP] Check Pods Manifest.lock";
			outputPaths = (
			);
			runOnlyForDeploymentPostprocessing = 0;
			shellPath = /bin/sh;
			shellScript = "diff \"${PODS_PODFILE_DIR_PATH}/Podfile.lock\" \"${PODS_ROOT}/Manifest.lock\" > /dev/null\nif [ $? != 0 ] ; then\n    # print error to STDERR\n    echo \"error: The sandbox is not in sync with the Podfile.lock. Run 'pod install' or update your CocoaPods installation.\" >&2\n    exit 1\nfi\n";
			showEnvVarsInLog = 0;
		};
/* End PBXShellScriptBuildPhase section */

/* Begin PBXSourcesBuildPhase section */
		41A2914D1F399F8F00BF08E3 /* Sources */ = {
			isa = PBXSourcesBuildPhase;
			buildActionMask = 2147483647;
			files = (
				41A291571F399F8F00BF08E3 /* landingVC.swift in Sources */,
				41EEC2291F3CBAE00008E993 /* courseCell.swift in Sources */,
				416471491F39DDD2006FB700 /* DataService.swift in Sources */,
				41A2916D1F39A47600BF08E3 /* roundBtn.swift in Sources */,
				41A2915D1F399F8F00BF08E3 /* nyuadCourseReview.xcdatamodeld in Sources */,
				41EEC22B1F3CBDCC0008E993 /* Review.swift in Sources */,
				41A2916F1F39AE1300BF08E3 /* selectMajorVC.swift in Sources */,
				41A291551F399F8F00BF08E3 /* AppDelegate.swift in Sources */,
				41A291721F39AECE00BF08E3 /* Constants.swift in Sources */,
				41EEC2271F3CB75C0008E993 /* coursesListVC.swift in Sources */,
				41421A611F3E783C00FD07EB /* writeReview.swift in Sources */,
			);
			runOnlyForDeploymentPostprocessing = 0;
		};
/* End PBXSourcesBuildPhase section */

/* Begin PBXVariantGroup section */
		41A291581F399F8F00BF08E3 /* Main.storyboard */ = {
			isa = PBXVariantGroup;
			children = (
				41A291591F399F8F00BF08E3 /* Base */,
			);
			name = Main.storyboard;
			sourceTree = "<group>";
		};
		41A291601F399F8F00BF08E3 /* LaunchScreen.storyboard */ = {
			isa = PBXVariantGroup;
			children = (
				41A291611F399F8F00BF08E3 /* Base */,
			);
			name = LaunchScreen.storyboard;
			sourceTree = "<group>";
		};
/* End PBXVariantGroup section */

/* Begin XCBuildConfiguration section */
		41A291641F399F8F00BF08E3 /* Debug */ = {
			isa = XCBuildConfiguration;
			buildSettings = {
				ALWAYS_SEARCH_USER_PATHS = NO;
				CLANG_ANALYZER_NONNULL = YES;
				CLANG_CXX_LANGUAGE_STANDARD = "gnu++0x";
				CLANG_CXX_LIBRARY = "libc++";
				CLANG_ENABLE_MODULES = YES;
				CLANG_ENABLE_OBJC_ARC = YES;
				CLANG_WARN_BOOL_CONVERSION = YES;
				CLANG_WARN_CONSTANT_CONVERSION = YES;
				CLANG_WARN_DIRECT_OBJC_ISA_USAGE = YES_ERROR;
				CLANG_WARN_DOCUMENTATION_COMMENTS = YES;
				CLANG_WARN_EMPTY_BODY = YES;
				CLANG_WARN_ENUM_CONVERSION = YES;
				CLANG_WARN_INFINITE_RECURSION = YES;
				CLANG_WARN_INT_CONVERSION = YES;
				CLANG_WARN_OBJC_ROOT_CLASS = YES_ERROR;
				CLANG_WARN_SUSPICIOUS_MOVE = YES;
				CLANG_WARN_UNREACHABLE_CODE = YES;
				CLANG_WARN__DUPLICATE_METHOD_MATCH = YES;
				"CODE_SIGN_IDENTITY[sdk=iphoneos*]" = "iPhone Developer";
				COPY_PHASE_STRIP = NO;
				DEBUG_INFORMATION_FORMAT = dwarf;
				ENABLE_STRICT_OBJC_MSGSEND = YES;
				ENABLE_TESTABILITY = YES;
				GCC_C_LANGUAGE_STANDARD = gnu99;
				GCC_DYNAMIC_NO_PIC = NO;
				GCC_NO_COMMON_BLOCKS = YES;
				GCC_OPTIMIZATION_LEVEL = 0;
				GCC_PREPROCESSOR_DEFINITIONS = (
					"DEBUG=1",
					"$(inherited)",
				);
				GCC_WARN_64_TO_32_BIT_CONVERSION = YES;
				GCC_WARN_ABOUT_RETURN_TYPE = YES_ERROR;
				GCC_WARN_UNDECLARED_SELECTOR = YES;
				GCC_WARN_UNINITIALIZED_AUTOS = YES_AGGRESSIVE;
				GCC_WARN_UNUSED_FUNCTION = YES;
				GCC_WARN_UNUSED_VARIABLE = YES;
				IPHONEOS_DEPLOYMENT_TARGET = 10.2;
				MTL_ENABLE_DEBUG_INFO = YES;
				ONLY_ACTIVE_ARCH = YES;
				SDKROOT = iphoneos;
				SWIFT_ACTIVE_COMPILATION_CONDITIONS = DEBUG;
				SWIFT_OPTIMIZATION_LEVEL = "-Onone";
			};
			name = Debug;
		};
		41A291651F399F8F00BF08E3 /* Release */ = {
			isa = XCBuildConfiguration;
			buildSettings = {
				ALWAYS_SEARCH_USER_PATHS = NO;
				CLANG_ANALYZER_NONNULL = YES;
				CLANG_CXX_LANGUAGE_STANDARD = "gnu++0x";
				CLANG_CXX_LIBRARY = "libc++";
				CLANG_ENABLE_MODULES = YES;
				CLANG_ENABLE_OBJC_ARC = YES;
				CLANG_WARN_BOOL_CONVERSION = YES;
				CLANG_WARN_CONSTANT_CONVERSION = YES;
				CLANG_WARN_DIRECT_OBJC_ISA_USAGE = YES_ERROR;
				CLANG_WARN_DOCUMENTATION_COMMENTS = YES;
				CLANG_WARN_EMPTY_BODY = YES;
				CLANG_WARN_ENUM_CONVERSION = YES;
				CLANG_WARN_INFINITE_RECURSION = YES;
				CLANG_WARN_INT_CONVERSION = YES;
				CLANG_WARN_OBJC_ROOT_CLASS = YES_ERROR;
				CLANG_WARN_SUSPICIOUS_MOVE = YES;
				CLANG_WARN_UNREACHABLE_CODE = YES;
				CLANG_WARN__DUPLICATE_METHOD_MATCH = YES;
				"CODE_SIGN_IDENTITY[sdk=iphoneos*]" = "iPhone Developer";
				COPY_PHASE_STRIP = NO;
				DEBUG_INFORMATION_FORMAT = "dwarf-with-dsym";
				ENABLE_NS_ASSERTIONS = NO;
				ENABLE_STRICT_OBJC_MSGSEND = YES;
				GCC_C_LANGUAGE_STANDARD = gnu99;
				GCC_NO_COMMON_BLOCKS = YES;
				GCC_WARN_64_TO_32_BIT_CONVERSION = YES;
				GCC_WARN_ABOUT_RETURN_TYPE = YES_ERROR;
				GCC_WARN_UNDECLARED_SELECTOR = YES;
				GCC_WARN_UNINITIALIZED_AUTOS = YES_AGGRESSIVE;
				GCC_WARN_UNUSED_FUNCTION = YES;
				GCC_WARN_UNUSED_VARIABLE = YES;
				IPHONEOS_DEPLOYMENT_TARGET = 10.2;
				MTL_ENABLE_DEBUG_INFO = NO;
				SDKROOT = iphoneos;
				SWIFT_OPTIMIZATION_LEVEL = "-Owholemodule";
				VALIDATE_PRODUCT = YES;
			};
			name = Release;
		};
		41A291671F399F8F00BF08E3 /* Debug */ = {
			isa = XCBuildConfiguration;
			baseConfigurationReference = CB5D6EBC0C371AF45B3AD7D7 /* Pods-nyuadCourseReview.debug.xcconfig */;
			buildSettings = {
				ASSETCATALOG_COMPILER_APPICON_NAME = AppIcon;
				DEVELOPMENT_TEAM = ZY2Y4GLDVL;
				INFOPLIST_FILE = nyuadCourseReview/Info.plist;
				LD_RUNPATH_SEARCH_PATHS = "$(inherited) @executable_path/Frameworks";
				PRODUCT_BUNDLE_IDENTIFIER = com.abouelatta.nyuadCourseReview;
				PRODUCT_NAME = "$(TARGET_NAME)";
				SWIFT_VERSION = 3.0;
			};
			name = Debug;
		};
		41A291681F399F8F00BF08E3 /* Release */ = {
			isa = XCBuildConfiguration;
			baseConfigurationReference = D1795BD94F6BD398CCCBB3DB /* Pods-nyuadCourseReview.release.xcconfig */;
			buildSettings = {
				ASSETCATALOG_COMPILER_APPICON_NAME = AppIcon;
				DEVELOPMENT_TEAM = ZY2Y4GLDVL;
				INFOPLIST_FILE = nyuadCourseReview/Info.plist;
				LD_RUNPATH_SEARCH_PATHS = "$(inherited) @executable_path/Frameworks";
				PRODUCT_BUNDLE_IDENTIFIER = com.abouelatta.nyuadCourseReview;
				PRODUCT_NAME = "$(TARGET_NAME)";
				SWIFT_VERSION = 3.0;
			};
			name = Release;
		};
/* End XCBuildConfiguration section */

/* Begin XCConfigurationList section */
		41A2914C1F399F8F00BF08E3 /* Build configuration list for PBXProject "nyuadCourseReview" */ = {
			isa = XCConfigurationList;
			buildConfigurations = (
				41A291641F399F8F00BF08E3 /* Debug */,
				41A291651F399F8F00BF08E3 /* Release */,
			);
			defaultConfigurationIsVisible = 0;
			defaultConfigurationName = Release;
		};
		41A291661F399F8F00BF08E3 /* Build configuration list for PBXNativeTarget "nyuadCourseReview" */ = {
			isa = XCConfigurationList;
			buildConfigurations = (
				41A291671F399F8F00BF08E3 /* Debug */,
				41A291681F399F8F00BF08E3 /* Release */,
			);
			defaultConfigurationIsVisible = 0;
			defaultConfigurationName = Release;
		};
/* End XCConfigurationList section */

/* Begin XCVersionGroup section */
		41A2915B1F399F8F00BF08E3 /* nyuadCourseReview.xcdatamodeld */ = {
			isa = XCVersionGroup;
			children = (
				41A2915C1F399F8F00BF08E3 /* nyuadCourseReview.xcdatamodel */,
			);
			currentVersion = 41A2915C1F399F8F00BF08E3 /* nyuadCourseReview.xcdatamodel */;
			path = nyuadCourseReview.xcdatamodeld;
			sourceTree = "<group>";
			versionGroupType = wrapper.xcdatamodel;
		};
/* End XCVersionGroup section */
	};
	rootObject = 41A291491F399F8F00BF08E3 /* Project object */;
}
